Microsoft Visual Studio Solution File, Format Version 12.00
# Visual Studio 15
VisualStudioVersion = 15.0.28307.271
MinimumVisualStudioVersion = 10.0.40219.1
Project("{FAE04EC0-301F-11D3-BF4B-00C04F79EFBC}") = "CustomVision", "CustomVision\CustomVision.csproj", "{DC50161E-0B22-4649-B93C-99926E1E276C}"
EndProject
Global
	GlobalSection(SolutionConfigurationPlatforms) = preSolution
		Debug|Any CPU = Debug|Any CPU
		Release|Any CPU = Release|Any CPU
	EndGlobalSection
	GlobalSection(ProjectConfigurationPlatforms) = postSolution
		{DC50161E-0B22-4649-B93C-99926E1E276C}.Debug|Any CPU.ActiveCfg = Debug|Any CPU
		{DC50161E-0B22-4649-B93C-99926E1E276C}.Debug|Any CPU.Build.0 = Debug|Any CPU
		{DC50161E-0B22-4649-B93C-99926E1E276C}.Debug|Any CPU.Deploy.0 = Debug|Any CPU
		{DC50161E-0B22-4649-B93C-99926E1E276C}.Release|Any CPU.ActiveCfg = Release|Any CPU
		{DC50161E-0B22-4649-B93C-99926E1E276C}.Release|Any CPU.Build.0 = Release|Any CPU
	EndGlobalSection
	GlobalSection(SolutionProperties) = preSolution
		HideSolutionNode = FALSE
	EndGlobalSection
	GlobalSection(ExtensibilityGlobals) = postSolution
		SolutionGuid = {0198D7A7-DB21-49BC-A945-4A69723B1FAE}
	EndGlobalSection
EndGlobal
